
Microsoft Visual Studio Solution File, Format Version 11.00
# Visual Studio 2010
Project("{2150E333-8FDC-42A3-9474-1A3956D46DE8}") = "Build", "Build", "{20503E9F-CA3D-496B-8842-B1FE7D39B1E7}"
	ProjectSection(SolutionItems) = preProject
		..\build\openwrap.proj = ..\build\openwrap.proj
		..\build\self-build.test = ..\build\self-build.test
		..\version = ..\version
	EndProjectSection
EndProject
Project("{2150E333-8FDC-42A3-9474-1A3956D46DE8}") = "Common", "Common", "{FF7BA218-B2A1-462A-8F51-153337027853}"
	ProjectSection(SolutionItems) = preProject
		..\build\common.project.properties = ..\build\common.project.properties
		CommonProperties.cs = CommonProperties.cs
	EndProjectSection
EndProject
Project("{2150E333-8FDC-42A3-9474-1A3956D46DE8}") = "Externals (Temporarily)", "Externals (Temporarily)", "{41450CC7-8984-4460-B15A-EB4274347FB5}"
EndProject
Project("{FAE04EC0-301F-11D3-BF4B-00C04F79EFBC}") = "OpenWrap", "OpenWrap\OpenWrap.csproj", "{6CE52051-0070-423D-96CB-8B16700A2251}"
EndProject
Project("{FAE04EC0-301F-11D3-BF4B-00C04F79EFBC}") = "OpenWrap.Build.Tasks", "OpenWrap.Build.Tasks\OpenWrap.Build.Tasks.csproj", "{AAEFFF67-5AA4-41A0-84CF-050B59EC7EBA}"
EndProject
Project("{FAE04EC0-301F-11D3-BF4B-00C04F79EFBC}") = "OpenWrap.ComShim", "OpenWrap.ComShim\OpenWrap.ComShim.csproj", "{9CBD1755-D4CF-4A8D-8183-16AF4D9AB3FA}"
EndProject
Project("{FAE04EC0-301F-11D3-BF4B-00C04F79EFBC}") = "OpenWrap.Resharper.v450", "OpenWrap.Resharper.v450\OpenWrap.Resharper.v450.csproj", "{05F146AE-9315-44B7-AF52-9B5925C90E27}"
EndProject
Project("{FAE04EC0-301F-11D3-BF4B-00C04F79EFBC}") = "Tests", "OpenWrap.Tests\Tests.csproj", "{CAB95DB5-E5D9-49A3-8AAF-D0DEF479B129}"
EndProject
Project("{FAE04EC0-301F-11D3-BF4B-00C04F79EFBC}") = "OpenWrap.Commands", "OpenWrap.Commands\OpenWrap.Commands.csproj", "{9A57F4E3-A3C0-4AFF-BE34-A2F4FC038FF5}"
EndProject
Project("{FAE04EC0-301F-11D3-BF4B-00C04F79EFBC}") = "OpenRasta.Client", "OpenRasta.Client\OpenRasta.Client.csproj", "{42F90C40-827D-4CF6-B206-EB2315AACDDB}"
EndProject
Project("{FAE04EC0-301F-11D3-BF4B-00C04F79EFBC}") = "OpenWrap.Resharper.v500", "OpenWrap.Resharper.v500\OpenWrap.Resharper.v500.csproj", "{F8FB3BBD-58F0-4944-B5B2-899C29EBD9C6}"
EndProject
Project("{FAE04EC0-301F-11D3-BF4B-00C04F79EFBC}") = "OpenWrap.Resharper.v510", "OpenWrap.Resharper.v510\OpenWrap.Resharper.v510.csproj", "{A9FA9F17-3DBE-4848-9044-DD734FDF554B}"
EndProject
Project("{FAE04EC0-301F-11D3-BF4B-00C04F79EFBC}") = "OpenWrap.Windows", "OpenWrap.Windows\OpenWrap.Windows.csproj", "{4798E62B-EDF7-411B-9369-98D1850E114D}"
EndProject
Project("{FAE04EC0-301F-11D3-BF4B-00C04F79EFBC}") = "OpenWrap.Testing", "OpenWrap.Testing\OpenWrap.Testing.csproj", "{C8271D09-7581-4DC5-B47B-6763062506C2}"
EndProject
Project("{FAE04EC0-301F-11D3-BF4B-00C04F79EFBC}") = "OpenWrap.Build.Bootstrap", "OpenWrap.Build.Bootstrap\OpenWrap.Build.Bootstrap.csproj", "{DFF6974F-5148-4B2C-8D76-190C3D92D9FF}"
EndProject
Project("{FAE04EC0-301F-11D3-BF4B-00C04F79EFBC}") = "OpenWrap.VisualStudio.SolutionPlugins", "OpenWrap.SolutionPlugins\OpenWrap.VisualStudio.SolutionPlugins.csproj", "{5433F587-B9B9-42F2-A5BA-005AF1025EE2}"
EndProject
Project("{FAE04EC0-301F-11D3-BF4B-00C04F79EFBC}") = "OpenWrap.VisualStudio.SolutionAddIn", "OpenWrap.VisualStudio.ComShim\OpenWrap.VisualStudio.SolutionAddIn.csproj", "{FB5A5815-E2C6-4FDB-8BA4-26192CB06ECC}"
EndProject
Project("{FAE04EC0-301F-11D3-BF4B-00C04F79EFBC}") = "OpenWrap.VisualStudio.Shared", "OpenWrap.VisualStudio.Shared\OpenWrap.VisualStudio.Shared.csproj", "{955C1309-6376-4BFE-A36B-144EFE172D8B}"
EndProject
Project("{FAE04EC0-301F-11D3-BF4B-00C04F79EFBC}") = "Tests.VisualStudio", "Tests.VisualStudio\Tests.VisualStudio.csproj", "{E24298AF-B37B-4DCB-9F7E-1C4A85DBC821}"
EndProject
Global
	GlobalSection(SolutionConfigurationPlatforms) = preSolution
		Debug|Any CPU = Debug|Any CPU
		Release|Any CPU = Release|Any CPU
	EndGlobalSection
	GlobalSection(ProjectConfigurationPlatforms) = postSolution
		{6CE52051-0070-423D-96CB-8B16700A2251}.Debug|Any CPU.ActiveCfg = Debug|Any CPU
		{6CE52051-0070-423D-96CB-8B16700A2251}.Debug|Any CPU.Build.0 = Debug|Any CPU
		{6CE52051-0070-423D-96CB-8B16700A2251}.Release|Any CPU.ActiveCfg = Release|Any CPU
		{6CE52051-0070-423D-96CB-8B16700A2251}.Release|Any CPU.Build.0 = Release|Any CPU
		{AAEFFF67-5AA4-41A0-84CF-050B59EC7EBA}.Debug|Any CPU.ActiveCfg = Debug|Any CPU
		{AAEFFF67-5AA4-41A0-84CF-050B59EC7EBA}.Debug|Any CPU.Build.0 = Debug|Any CPU
		{AAEFFF67-5AA4-41A0-84CF-050B59EC7EBA}.Release|Any CPU.ActiveCfg = Release|Any CPU
		{AAEFFF67-5AA4-41A0-84CF-050B59EC7EBA}.Release|Any CPU.Build.0 = Release|Any CPU
		{9CBD1755-D4CF-4A8D-8183-16AF4D9AB3FA}.Debug|Any CPU.ActiveCfg = Debug|Any CPU
		{9CBD1755-D4CF-4A8D-8183-16AF4D9AB3FA}.Debug|Any CPU.Build.0 = Debug|Any CPU
		{9CBD1755-D4CF-4A8D-8183-16AF4D9AB3FA}.Release|Any CPU.ActiveCfg = Release|Any CPU
		{9CBD1755-D4CF-4A8D-8183-16AF4D9AB3FA}.Release|Any CPU.Build.0 = Release|Any CPU
		{05F146AE-9315-44B7-AF52-9B5925C90E27}.Debug|Any CPU.ActiveCfg = Debug|Any CPU
		{05F146AE-9315-44B7-AF52-9B5925C90E27}.Debug|Any CPU.Build.0 = Debug|Any CPU
		{05F146AE-9315-44B7-AF52-9B5925C90E27}.Release|Any CPU.ActiveCfg = Release|Any CPU
		{05F146AE-9315-44B7-AF52-9B5925C90E27}.Release|Any CPU.Build.0 = Release|Any CPU
		{CAB95DB5-E5D9-49A3-8AAF-D0DEF479B129}.Debug|Any CPU.ActiveCfg = Debug|Any CPU
		{CAB95DB5-E5D9-49A3-8AAF-D0DEF479B129}.Debug|Any CPU.Build.0 = Debug|Any CPU
		{CAB95DB5-E5D9-49A3-8AAF-D0DEF479B129}.Release|Any CPU.ActiveCfg = Release|Any CPU
		{CAB95DB5-E5D9-49A3-8AAF-D0DEF479B129}.Release|Any CPU.Build.0 = Release|Any CPU
		{9A57F4E3-A3C0-4AFF-BE34-A2F4FC038FF5}.Debug|Any CPU.ActiveCfg = Debug|Any CPU
		{9A57F4E3-A3C0-4AFF-BE34-A2F4FC038FF5}.Debug|Any CPU.Build.0 = Debug|Any CPU
		{9A57F4E3-A3C0-4AFF-BE34-A2F4FC038FF5}.Release|Any CPU.ActiveCfg = Release|Any CPU
		{9A57F4E3-A3C0-4AFF-BE34-A2F4FC038FF5}.Release|Any CPU.Build.0 = Release|Any CPU
		{42F90C40-827D-4CF6-B206-EB2315AACDDB}.Debug|Any CPU.ActiveCfg = Debug|Any CPU
		{42F90C40-827D-4CF6-B206-EB2315AACDDB}.Debug|Any CPU.Build.0 = Debug|Any CPU
		{42F90C40-827D-4CF6-B206-EB2315AACDDB}.Release|Any CPU.ActiveCfg = Release|Any CPU
		{42F90C40-827D-4CF6-B206-EB2315AACDDB}.Release|Any CPU.Build.0 = Release|Any CPU
		{F8FB3BBD-58F0-4944-B5B2-899C29EBD9C6}.Debug|Any CPU.ActiveCfg = Debug|Any CPU
		{F8FB3BBD-58F0-4944-B5B2-899C29EBD9C6}.Debug|Any CPU.Build.0 = Debug|Any CPU
		{F8FB3BBD-58F0-4944-B5B2-899C29EBD9C6}.Release|Any CPU.ActiveCfg = Release|Any CPU
		{F8FB3BBD-58F0-4944-B5B2-899C29EBD9C6}.Release|Any CPU.Build.0 = Release|Any CPU
		{A9FA9F17-3DBE-4848-9044-DD734FDF554B}.Debug|Any CPU.ActiveCfg = Debug|Any CPU
		{A9FA9F17-3DBE-4848-9044-DD734FDF554B}.Debug|Any CPU.Build.0 = Debug|Any CPU
		{A9FA9F17-3DBE-4848-9044-DD734FDF554B}.Release|Any CPU.ActiveCfg = Release|Any CPU
		{A9FA9F17-3DBE-4848-9044-DD734FDF554B}.Release|Any CPU.Build.0 = Release|Any CPU
		{4798E62B-EDF7-411B-9369-98D1850E114D}.Debug|Any CPU.ActiveCfg = Debug|Any CPU
		{4798E62B-EDF7-411B-9369-98D1850E114D}.Debug|Any CPU.Build.0 = Debug|Any CPU
		{4798E62B-EDF7-411B-9369-98D1850E114D}.Release|Any CPU.ActiveCfg = Release|Any CPU
		{4798E62B-EDF7-411B-9369-98D1850E114D}.Release|Any CPU.Build.0 = Release|Any CPU
		{C8271D09-7581-4DC5-B47B-6763062506C2}.Debug|Any CPU.ActiveCfg = Debug|Any CPU
		{C8271D09-7581-4DC5-B47B-6763062506C2}.Debug|Any CPU.Build.0 = Debug|Any CPU
		{C8271D09-7581-4DC5-B47B-6763062506C2}.Release|Any CPU.ActiveCfg = Release|Any CPU
		{C8271D09-7581-4DC5-B47B-6763062506C2}.Release|Any CPU.Build.0 = Release|Any CPU
		{DFF6974F-5148-4B2C-8D76-190C3D92D9FF}.Debug|Any CPU.ActiveCfg = Debug|Any CPU
		{DFF6974F-5148-4B2C-8D76-190C3D92D9FF}.Debug|Any CPU.Build.0 = Debug|Any CPU
		{DFF6974F-5148-4B2C-8D76-190C3D92D9FF}.Release|Any CPU.ActiveCfg = Release|Any CPU
		{DFF6974F-5148-4B2C-8D76-190C3D92D9FF}.Release|Any CPU.Build.0 = Release|Any CPU
		{5433F587-B9B9-42F2-A5BA-005AF1025EE2}.Debug|Any CPU.ActiveCfg = Debug|Any CPU
		{5433F587-B9B9-42F2-A5BA-005AF1025EE2}.Debug|Any CPU.Build.0 = Debug|Any CPU
		{5433F587-B9B9-42F2-A5BA-005AF1025EE2}.Release|Any CPU.ActiveCfg = Release|Any CPU
		{5433F587-B9B9-42F2-A5BA-005AF1025EE2}.Release|Any CPU.Build.0 = Release|Any CPU
		{FB5A5815-E2C6-4FDB-8BA4-26192CB06ECC}.Debug|Any CPU.ActiveCfg = Debug|Any CPU
		{FB5A5815-E2C6-4FDB-8BA4-26192CB06ECC}.Debug|Any CPU.Build.0 = Debug|Any CPU
		{FB5A5815-E2C6-4FDB-8BA4-26192CB06ECC}.Release|Any CPU.ActiveCfg = Release|Any CPU
		{FB5A5815-E2C6-4FDB-8BA4-26192CB06ECC}.Release|Any CPU.Build.0 = Release|Any CPU
		{955C1309-6376-4BFE-A36B-144EFE172D8B}.Debug|Any CPU.ActiveCfg = Debug|Any CPU
		{955C1309-6376-4BFE-A36B-144EFE172D8B}.Debug|Any CPU.Build.0 = Debug|Any CPU
		{955C1309-6376-4BFE-A36B-144EFE172D8B}.Release|Any CPU.ActiveCfg = Release|Any CPU
		{955C1309-6376-4BFE-A36B-144EFE172D8B}.Release|Any CPU.Build.0 = Release|Any CPU
		{E24298AF-B37B-4DCB-9F7E-1C4A85DBC821}.Debug|Any CPU.ActiveCfg = Debug|Any CPU
		{E24298AF-B37B-4DCB-9F7E-1C4A85DBC821}.Debug|Any CPU.Build.0 = Debug|Any CPU
		{E24298AF-B37B-4DCB-9F7E-1C4A85DBC821}.Release|Any CPU.ActiveCfg = Release|Any CPU
		{E24298AF-B37B-4DCB-9F7E-1C4A85DBC821}.Release|Any CPU.Build.0 = Release|Any CPU
	EndGlobalSection
	GlobalSection(SolutionProperties) = preSolution
		HideSolutionNode = FALSE
	EndGlobalSection
	GlobalSection(NestedProjects) = preSolution
		{42F90C40-827D-4CF6-B206-EB2315AACDDB} = {41450CC7-8984-4460-B15A-EB4274347FB5}
	EndGlobalSection
EndGlobal
